
Microsoft Visual Studio Solution File, Format Version 12.00
# Visual Studio Version 16
VisualStudioVersion = 16.0.31005.135
MinimumVisualStudioVersion = 10.0.40219.1
Project("{FAE04EC0-301F-11D3-BF4B-00C04F79EFBC}") = "DB_WEB", "DB_WEB\DB_WEB.csproj", "{0DA8D208-14EF-4CE0-BF1B-0AA3EA455306}"
EndProject
Global
	GlobalSection(SolutionConfigurationPlatforms) = preSolution
		Debug|Any CPU = Debug|Any CPU
		Release|Any CPU = Release|Any CPU
	EndGlobalSection
	GlobalSection(ProjectConfigurationPlatforms) = postSolution
		{0DA8D208-14EF-4CE0-BF1B-0AA3EA455306}.Debug|Any CPU.ActiveCfg = Debug|Any CPU
		{0DA8D208-14EF-4CE0-BF1B-0AA3EA455306}.Debug|Any CPU.Build.0 = Debug|Any CPU
		{0DA8D208-14EF-4CE0-BF1B-0AA3EA455306}.Release|Any CPU.ActiveCfg = Release|Any CPU
		{0DA8D208-14EF-4CE0-BF1B-0AA3EA455306}.Release|Any CPU.Build.0 = Release|Any CPU
	EndGlobalSection
	GlobalSection(SolutionProperties) = preSolution
		HideSolutionNode = FALSE
	EndGlobalSection
	GlobalSection(ExtensibilityGlobals) = postSolution
		SolutionGuid = {2CCFDC1F-506E-460F-A7CC-72303DCF2BA2}
	EndGlobalSection
EndGlobal
